
Microsoft Visual Studio Solution File, Format Version 12.00
# Visual Studio Version 16
VisualStudioVersion = 16.0.31729.503
MinimumVisualStudioVersion = 10.0.40219.1
Project("{159641D6-6404-4A2A-AE62-294DE0FE8301}") = "ETLFromMultipleSources", "ETLFromMultipleSources\ETLFromMultipleSources.dtproj", "{7CEC3F04-D1DD-4A59-839E-6F977687D5C3}"
EndProject
Global
	GlobalSection(SolutionConfigurationPlatforms) = preSolution
		Development|Default = Development|Default
	EndGlobalSection
	GlobalSection(ProjectConfigurationPlatforms) = postSolution
		{7CEC3F04-D1DD-4A59-839E-6F977687D5C3}.Development|Default.ActiveCfg = Development
		{7CEC3F04-D1DD-4A59-839E-6F977687D5C3}.Development|Default.Build.0 = Development
	EndGlobalSection
	GlobalSection(SolutionProperties) = preSolution
		HideSolutionNode = FALSE
	EndGlobalSection
	GlobalSection(ExtensibilityGlobals) = postSolution
		SolutionGuid = {6DC10F7A-C6FC-487A-8C10-860BFB761B3A}
	EndGlobalSection
EndGlobal
